
Microsoft Visual Studio Solution File, Format Version 12.00
# Visual Studio Version 17
VisualStudioVersion = 17.7.34024.191
MinimumVisualStudioVersion = 10.0.40219.1
Project("{FAE04EC0-301F-11D3-BF4B-00C04F79EFBC}") = "Web", "Web\Web.csproj", "{88B93F1E-821F-4FED-B097-576DB4B39158}"
EndProject
Project("{FAE04EC0-301F-11D3-BF4B-00C04F79EFBC}") = "DataAccess", "DataAccess\DataAccess.csproj", "{82839471-7FD3-470E-A93A-CFA2F73BA69D}"
EndProject
Project("{FAE04EC0-301F-11D3-BF4B-00C04F79EFBC}") = "Core", "Core\Core.csproj", "{890BBE6E-2DFA-4F5B-9F6E-669746E25FDB}"
EndProject
Global
	GlobalSection(SolutionConfigurationPlatforms) = preSolution
		Debug|Any CPU = Debug|Any CPU
		Release|Any CPU = Release|Any CPU
	EndGlobalSection
	GlobalSection(ProjectConfigurationPlatforms) = postSolution
		{88B93F1E-821F-4FED-B097-576DB4B39158}.Debug|Any CPU.ActiveCfg = Debug|Any CPU
		{88B93F1E-821F-4FED-B097-576DB4B39158}.Debug|Any CPU.Build.0 = Debug|Any CPU
		{88B93F1E-821F-4FED-B097-576DB4B39158}.Release|Any CPU.ActiveCfg = Release|Any CPU
		{88B93F1E-821F-4FED-B097-576DB4B39158}.Release|Any CPU.Build.0 = Release|Any CPU
		{82839471-7FD3-470E-A93A-CFA2F73BA69D}.Debug|Any CPU.ActiveCfg = Debug|Any CPU
		{82839471-7FD3-470E-A93A-CFA2F73BA69D}.Debug|Any CPU.Build.0 = Debug|Any CPU
		{82839471-7FD3-470E-A93A-CFA2F73BA69D}.Release|Any CPU.ActiveCfg = Release|Any CPU
		{82839471-7FD3-470E-A93A-CFA2F73BA69D}.Release|Any CPU.Build.0 = Release|Any CPU
		{890BBE6E-2DFA-4F5B-9F6E-669746E25FDB}.Debug|Any CPU.ActiveCfg = Debug|Any CPU
		{890BBE6E-2DFA-4F5B-9F6E-669746E25FDB}.Debug|Any CPU.Build.0 = Debug|Any CPU
		{890BBE6E-2DFA-4F5B-9F6E-669746E25FDB}.Release|Any CPU.ActiveCfg = Release|Any CPU
		{890BBE6E-2DFA-4F5B-9F6E-669746E25FDB}.Release|Any CPU.Build.0 = Release|Any CPU
	EndGlobalSection
	GlobalSection(SolutionProperties) = preSolution
		HideSolutionNode = FALSE
	EndGlobalSection
	GlobalSection(ExtensibilityGlobals) = postSolution
		SolutionGuid = {B6E40328-BAB5-4953-979F-7CCC78B043F0}
	EndGlobalSection
EndGlobal
